
Microsoft Visual Studio Solution File, Format Version 12.00
# Visual Studio Version 17
VisualStudioVersion = 17.12.35527.113 d17.12
MinimumVisualStudioVersion = 10.0.40219.1
Project("{FAE04EC0-301F-11D3-BF4B-00C04F79EFBC}") = "UpscaleAndRotate", "UpscaleAndRotate\UpscaleAndRotate.csproj", "{776CDF06-47BB-43EF-B592-5009B6F1DC04}"
EndProject
Project("{FAE04EC0-301F-11D3-BF4B-00C04F79EFBC}") = "UpscaleAndRotate.Test", "UpscaleAndRotate.Test\UpscaleAndRotate.Test.csproj", "{927DAEF6-3FF3-4EC0-A0B8-84834A56E69D}"
EndProject
Global
	GlobalSection(SolutionConfigurationPlatforms) = preSolution
		Debug|Any CPU = Debug|Any CPU
		Release|Any CPU = Release|Any CPU
	EndGlobalSection
	GlobalSection(ProjectConfigurationPlatforms) = postSolution
		{776CDF06-47BB-43EF-B592-5009B6F1DC04}.Debug|Any CPU.ActiveCfg = Debug|Any CPU
		{776CDF06-47BB-43EF-B592-5009B6F1DC04}.Debug|Any CPU.Build.0 = Debug|Any CPU
		{776CDF06-47BB-43EF-B592-5009B6F1DC04}.Release|Any CPU.ActiveCfg = Release|Any CPU
		{776CDF06-47BB-43EF-B592-5009B6F1DC04}.Release|Any CPU.Build.0 = Release|Any CPU
		{927DAEF6-3FF3-4EC0-A0B8-84834A56E69D}.Debug|Any CPU.ActiveCfg = Debug|Any CPU
		{927DAEF6-3FF3-4EC0-A0B8-84834A56E69D}.Debug|Any CPU.Build.0 = Debug|Any CPU
		{927DAEF6-3FF3-4EC0-A0B8-84834A56E69D}.Release|Any CPU.ActiveCfg = Release|Any CPU
		{927DAEF6-3FF3-4EC0-A0B8-84834A56E69D}.Release|Any CPU.Build.0 = Release|Any CPU
	EndGlobalSection
	GlobalSection(SolutionProperties) = preSolution
		HideSolutionNode = FALSE
	EndGlobalSection
EndGlobal
